# THIS IS AN AUTOGENERATED FILE. DO NOT EDIT THIS FILE DIRECTLY.
# yarn lockfile v1


"@types/knockout@^3.4.71":
  version "3.4.71"
  resolved "https://registry.yarnpkg.com/@types/knockout/-/knockout-3.4.71.tgz#32d7109d0d1f330d799a5e552988010300dfda39"
  integrity sha512-Yf6LzL15MfQQ6mIMPtn+jBHaV2raWOBJYw6o8OfeQ+f3OsyTH8JwlbsiVvuxJacrUiw1DjtuGEGMfQj/viIN9g==

"@types/requirejs@^2.1.33":
  version "2.1.33"
  resolved "https://registry.yarnpkg.com/@types/requirejs/-/requirejs-2.1.33.tgz#19c680baa01ae484d31561b5fa8d1937573eabd7"
  integrity sha512-1ZUCLJY3BztlR+HZWpoOkUt/n0YES/TuiBsW5dnk6OXUJSjbYfRJyiSf1yyyWMNWeX1RR7mTso2piU/dP1hgsw==

knockout@^3.5.1:
  version "3.5.1"
  resolved "https://registry.yarnpkg.com/knockout/-/knockout-3.5.1.tgz#62c81e81843bea2008fd23c575edd9ca978e75cf"
  integrity sha512-wRJ9I4az0QcsH7A4v4l0enUpkS++MBx0BnL/68KaLzJg7x1qmbjSlwEoCNol7KTYZ+pmtI7Eh2J0Nu6/2Z5J/Q==

requirejs@^2.3.6:
  version "2.3.6"
  resolved "https://registry.yarnpkg.com/requirejs/-/requirejs-2.3.6.tgz#e5093d9601c2829251258c0b9445d4d19fa9e7c9"
  integrity sha512-ipEzlWQe6RK3jkzikgCupiTbTvm4S0/CAU5GlgptkN5SO6F3u0UD0K18wy6ErDqiCyP4J4YYe1HuAShvsxePLg==
